
Microsoft Visual Studio Solution File, Format Version 12.00
# Visual Studio Version 16
VisualStudioVersion = 16.0.33214.272
MinimumVisualStudioVersion = 10.0.40219.1
Project("{8BC9CEB8-8B4A-11D0-8D11-00A0C91BC942}") = "librocks", "librocks.vcxproj", "{B6C081D4-FD61-4EA7-B395-ABDF4405E1BC}"
EndProject
Project("{8BC9CEB8-8B4A-11D0-8D11-00A0C91BC942}") = "Test", "Test\Test.vcxproj", "{E2A7A240-47F6-4B9E-9B7D-C86520122623}"
	ProjectSection(ProjectDependencies) = postProject
		{B6C081D4-FD61-4EA7-B395-ABDF4405E1BC} = {B6C081D4-FD61-4EA7-B395-ABDF4405E1BC}
	EndProjectSection
EndProject
Global
	GlobalSection(SolutionConfigurationPlatforms) = preSolution
		Debug|x64 = Debug|x64
		Debug|x86 = Debug|x86
		Release|x64 = Release|x64
		Release|x86 = Release|x86
	EndGlobalSection
	GlobalSection(ProjectConfigurationPlatforms) = postSolution
		{B6C081D4-FD61-4EA7-B395-ABDF4405E1BC}.Debug|x64.ActiveCfg = Debug|x64
		{B6C081D4-FD61-4EA7-B395-ABDF4405E1BC}.Debug|x64.Build.0 = Debug|x64
		{B6C081D4-FD61-4EA7-B395-ABDF4405E1BC}.Debug|x86.ActiveCfg = Debug|Win32
		{B6C081D4-FD61-4EA7-B395-ABDF4405E1BC}.Debug|x86.Build.0 = Debug|Win32
		{B6C081D4-FD61-4EA7-B395-ABDF4405E1BC}.Release|x64.ActiveCfg = Release|x64
		{B6C081D4-FD61-4EA7-B395-ABDF4405E1BC}.Release|x64.Build.0 = Release|x64
		{B6C081D4-FD61-4EA7-B395-ABDF4405E1BC}.Release|x86.ActiveCfg = Release|Win32
		{B6C081D4-FD61-4EA7-B395-ABDF4405E1BC}.Release|x86.Build.0 = Release|Win32
		{E2A7A240-47F6-4B9E-9B7D-C86520122623}.Debug|x64.ActiveCfg = Debug|x64
		{E2A7A240-47F6-4B9E-9B7D-C86520122623}.Debug|x64.Build.0 = Debug|x64
		{E2A7A240-47F6-4B9E-9B7D-C86520122623}.Debug|x86.ActiveCfg = Debug|Win32
		{E2A7A240-47F6-4B9E-9B7D-C86520122623}.Debug|x86.Build.0 = Debug|Win32
		{E2A7A240-47F6-4B9E-9B7D-C86520122623}.Release|x64.ActiveCfg = Release|x64
		{E2A7A240-47F6-4B9E-9B7D-C86520122623}.Release|x64.Build.0 = Release|x64
		{E2A7A240-47F6-4B9E-9B7D-C86520122623}.Release|x86.ActiveCfg = Release|Win32
		{E2A7A240-47F6-4B9E-9B7D-C86520122623}.Release|x86.Build.0 = Release|Win32
	EndGlobalSection
	GlobalSection(SolutionProperties) = preSolution
		HideSolutionNode = FALSE
	EndGlobalSection
	GlobalSection(ExtensibilityGlobals) = postSolution
		SolutionGuid = {965B5ADC-895C-457B-BDC3-A84064FEADAD}
	EndGlobalSection
EndGlobal
