<?xml version="1.0" encoding="utf-8"?>
<Project ToolsVersion="4.0" xmlns="http://schemas.microsoft.com/developer/msbuild/2003">
  <ItemGroup>
    <Filter Include="Source Files">
      <UniqueIdentifier>{4FC737F1-C7A5-4376-A066-2A32D752A2FF}</UniqueIdentifier>
      <Extensions>cpp;c;cc;cxx;c++;cppm;ixx;def;odl;idl;hpj;bat;asm;asmx</Extensions>
    </Filter>
    <Filter Include="Header Files">
      <UniqueIdentifier>{93995380-89BD-4b04-88EB-625FBE52EBFB}</UniqueIdentifier>
      <Extensions>h;hh;hpp;hxx;h++;hm;inl;inc;ipp;xsd</Extensions>
    </Filter>
    <Filter Include="Resource Files">
      <UniqueIdentifier>{67DA6AB6-F800-4c08-8B7A-83BB121AAD01}</UniqueIdentifier>
      <Extensions>rc;ico;cur;bmp;dlg;rc2;rct;bin;rgs;gif;jpg;jpeg;jpe;resx;tiff;tif;png;wav;mfcribbon-ms</Extensions>
    </Filter>
  </ItemGroup>
  <ItemGroup>
    <None Include="cpp.hint" />
  </ItemGroup>
  <ItemGroup>
    <ClInclude Include="include\impl\SameType.h">
      <Filter>Header Files</Filter>
    </ClInclude>
    <ClInclude Include="include\api\api.h">
      <Filter>Header Files</Filter>
    </ClInclude>
    <ClInclude Include="include\api\librocks.h">
      <Filter>Header Files</Filter>
    </ClInclude>
    <ClInclude Include="include\api\RocksType.h">
      <Filter>Header Files</Filter>
    </ClInclude>
    <ClInclude Include="include\impl\SimpleLogger.h">
      <Filter>Header Files</Filter>
    </ClInclude>
    <ClInclude Include="include\impl\utils.h">
      <Filter>Header Files</Filter>
    </ClInclude>
    <ClInclude Include="include\api\Clearable.h">
      <Filter>Header Files</Filter>
    </ClInclude>
    <ClInclude Include="include\api\ToString.h">
      <Filter>Header Files</Filter>
    </ClInclude>
    <ClInclude Include="include\api\Store.h">
      <Filter>Header Files</Filter>
    </ClInclude>
    <ClInclude Include="include\impl\StoreImpl.h">
      <Filter>Header Files</Filter>
    </ClInclude>
    <ClInclude Include="include\rocksdb\db.h">
      <Filter>Header Files</Filter>
    </ClInclude>
    <ClInclude Include="include\api\Kind.h">
      <Filter>Header Files</Filter>
    </ClInclude>
    <ClInclude Include="include\impl\KindImpl.h">
      <Filter>Header Files</Filter>
    </ClInclude>
    <ClInclude Include="include\api\KindManager.h">
      <Filter>Header Files</Filter>
    </ClInclude>
    <ClInclude Include="include\api\StatusCode.h">
      <Filter>Header Files</Filter>
    </ClInclude>
    <ClInclude Include="include\api\BasicOps.h">
      <Filter>Header Files</Filter>
    </ClInclude>
    <ClInclude Include="include\api\ExtendedOps.h">
      <Filter>Header Files</Filter>
    </ClInclude>
    <ClInclude Include="include\client\bytes.h">
      <Filter>Header Files</Filter>
    </ClInclude>
    <ClInclude Include="include\client\KVStore.h">
      <Filter>Header Files</Filter>
    </ClInclude>
    <ClInclude Include="include\client\RocksException.h">
      <Filter>Header Files</Filter>
    </ClInclude>
    <ClInclude Include="include\impl\KueueImpl.h">
      <Filter>Header Files</Filter>
    </ClInclude>
    <ClInclude Include="include\impl\KueueManagerImpl.h">
      <Filter>Header Files</Filter>
    </ClInclude>
    <ClInclude Include="include\api\Kueue.h">
      <Filter>Header Files</Filter>
    </ClInclude>
    <ClInclude Include="include\api\KueueManager.h">
      <Filter>Header Files</Filter>
    </ClInclude>
    <ClInclude Include="resource.h">
      <Filter>Header Files</Filter>
    </ClInclude>
    <ClInclude Include="include\impl\BlockBasedTableConfig.h">
      <Filter>Header Files</Filter>
    </ClInclude>
  </ItemGroup>
  <ItemGroup>
    <ClCompile Include="src\impl\librocks.cpp">
      <Filter>Source Files</Filter>
    </ClCompile>
    <ClCompile Include="src\impl\SimpleLogger.cpp">
      <Filter>Source Files</Filter>
    </ClCompile>
    <ClCompile Include="src\impl\utils.cpp">
      <Filter>Source Files</Filter>
    </ClCompile>
    <ClCompile Include="src\impl\StoreImpl.cpp">
      <Filter>Source Files</Filter>
    </ClCompile>
    <ClCompile Include="src\impl\KindImpl.cpp">
      <Filter>Source Files</Filter>
    </ClCompile>
    <ClCompile Include="src\client\KVStore.cpp">
      <Filter>Source Files</Filter>
    </ClCompile>
    <ClCompile Include="src\client\bytes.cpp">
      <Filter>Source Files</Filter>
    </ClCompile>
    <ClCompile Include="src\client\RocksException.cpp">
      <Filter>Source Files</Filter>
    </ClCompile>
    <ClCompile Include="src\impl\BlockBasedTableConfig.cpp">
      <Filter>Source Files</Filter>
    </ClCompile>
  </ItemGroup>
  <ItemGroup>
    <ResourceCompile Include="librocks.rc">
      <Filter>Resource Files</Filter>
    </ResourceCompile>
  </ItemGroup>
</Project>